
Microsoft Visual Studio Solution File, Format Version 12.00
# Visual Studio Version 17
VisualStudioVersion = 17.0.31903.59
MinimumVisualStudioVersion = 10.0.40219.1
Project("{FAE04EC0-301F-11D3-BF4B-00C04F79EFBC}") = "Lab10", "Lab10\Lab10.csproj", "{90EA90E7-4391-4535-BB8F-4E23A9732559}"
EndProject
Project("{FAE04EC0-301F-11D3-BF4B-00C04F79EFBC}") = "Lab10.Main", "Lab10.Main\Lab10.Main.csproj", "{789E8D6A-C6A9-477A-A47C-2F7F2CE5E87F}"
EndProject
Global
	GlobalSection(SolutionConfigurationPlatforms) = preSolution
		Debug|Any CPU = Debug|Any CPU
		Release|Any CPU = Release|Any CPU
	EndGlobalSection
	GlobalSection(SolutionProperties) = preSolution
		HideSolutionNode = FALSE
	EndGlobalSection
	GlobalSection(ProjectConfigurationPlatforms) = postSolution
		{90EA90E7-4391-4535-BB8F-4E23A9732559}.Debug|Any CPU.ActiveCfg = Debug|Any CPU
		{90EA90E7-4391-4535-BB8F-4E23A9732559}.Debug|Any CPU.Build.0 = Debug|Any CPU
		{90EA90E7-4391-4535-BB8F-4E23A9732559}.Release|Any CPU.ActiveCfg = Release|Any CPU
		{90EA90E7-4391-4535-BB8F-4E23A9732559}.Release|Any CPU.Build.0 = Release|Any CPU
		{789E8D6A-C6A9-477A-A47C-2F7F2CE5E87F}.Debug|Any CPU.ActiveCfg = Debug|Any CPU
		{789E8D6A-C6A9-477A-A47C-2F7F2CE5E87F}.Debug|Any CPU.Build.0 = Debug|Any CPU
		{789E8D6A-C6A9-477A-A47C-2F7F2CE5E87F}.Release|Any CPU.ActiveCfg = Release|Any CPU
		{789E8D6A-C6A9-477A-A47C-2F7F2CE5E87F}.Release|Any CPU.Build.0 = Release|Any CPU
	EndGlobalSection
EndGlobal
